hash: d2b95d726aacfa592d7c918c6a65506986e143c511dd6c1e25615a36e4b654da
updated: 2017-08-25T16:38:33.404080153-05:00
imports:
- name: github.com/pivotal-cf/on-demand-services-sdk
  version: 81cda5d89ac5d38d54f4d6fe1aadaee8041da185
  subpackages:
  - bosh
  - serviceadapter
- name: gopkg.in/go-playground/validator.v8
  version: 5f57d2222ad794d0dffb07e664ea05e2ee07d60c
- name: gopkg.in/yaml.v2
  version: e4d366fc3c7938e2958e662b4258c7a89e1f0e3e
devImports: []
